# This file is generated by running "yarn install" inside your project.
# Manual changes might be lost - proceed with caution!

__metadata:
  version: 10
  cacheKey: 10c0

"@turbo/darwin-64@npm:2.11.5":
  version: 2.11.5
  resolution: "@turbo/darwin-64@npm:2.11.5"
  conditions: os=darwin & cpu=x64
  languageName: node
  linkType: hard

"@turbo/darwin-arm64@npm:2.11.5":
  version: 2.11.5
  resolution: "@turbo/darwin-arm64@npm:2.11.5"
  conditions: os=darwin & cpu=arm64
  languageName: node
  linkType: hard

"@turbo/linux-64@npm:2.11.5":
  version: 2.11.5
  resolution: "@turbo/linux-64@npm:2.11.5"
  conditions: (os=android | os=linux) & cpu=x64
  languageName: node
  linkType: hard

"@turbo/linux-arm64@npm:2.11.5":
  version: 2.11.5
  resolution: "@turbo/linux-arm64@npm:2.11.5"
  conditions: (os=android | os=linux) & cpu=arm64
  languageName: node
  linkType: hard

"@turbo/windows-64@npm:2.11.5":
  version: 2.11.5
  resolution: "@turbo/windows-64@npm:2.11.5"
  conditions: os=win32 & cpu=x64
  languageName: node
  linkType: hard

"@turbo/windows-arm64@npm:2.11.5":
  version: 2.11.5
  resolution: "@turbo/windows-arm64@npm:2.11.5"
  conditions: os=win32 & cpu=arm64
  languageName: node
  linkType: hard

"reimburse@workspace:.":
  version: 0.0.0-use.local
  resolution: "reimburse@workspace:."
  dependencies:
    turbo: "npm:^2.10.5"
  languageName: unknown
  linkType: soft

"turbo@npm:^2.10.5":
  version: 2.11.5
  resolution: "turbo@npm:2.11.5"
  dependencies:
    "@turbo/darwin-64": "npm:2.11.5"
    "@turbo/darwin-arm64": "npm:2.11.5"
    "@turbo/linux-64": "npm:2.11.5"
    "@turbo/linux-arm64": "npm:2.11.5"
    "@turbo/windows-64": "npm:2.11.5"
    "@turbo/windows-arm64": "npm:2.11.5"
  dependenciesMeta:
    "@turbo/darwin-64":
      optional: true
    "@turbo/darwin-arm64":
      optional: true
    "@turbo/linux-64":
      optional: true
    "@turbo/linux-arm64":
      optional: true
    "@turbo/windows-64":
      optional: true
    "@turbo/windows-arm64":
      optional: true
  bin:
    turbo: bin/turbo
  checksum: 10c0/2fc7e68ec2d56e038d84f2d3ee528e356fcf4bc6af4434e39b96d4c63518e406ff04fb35c912b0a5bbbcf5bf5431ba054ebb0ca26921e34e117ad19e6a06e6d6
  languageName: node
  linkType: hard
